
Microsoft Visual Studio Solution File, Format Version 12.00
# Visual Studio Version 17
VisualStudioVersion = 17.2.32526.322
MinimumVisualStudioVersion = 10.0.40219.1
Project("{FAE04EC0-301F-11D3-BF4B-00C04F79EFBC}") = "WebApiAutores", "WebApiAutores\WebApiAutores.csproj", "{ED29FBE1-35B8-4567-AF3A-E5C57250502A}"
EndProject
Global
	GlobalSection(SolutionConfigurationPlatforms) = preSolution
		Debug|Any CPU = Debug|Any CPU
		Release|Any CPU = Release|Any CPU
	EndGlobalSection
	GlobalSection(ProjectConfigurationPlatforms) = postSolution
		{ED29FBE1-35B8-4567-AF3A-E5C57250502A}.Debug|Any CPU.ActiveCfg = Debug|Any CPU
		{ED29FBE1-35B8-4567-AF3A-E5C57250502A}.Debug|Any CPU.Build.0 = Debug|Any CPU
		{ED29FBE1-35B8-4567-AF3A-E5C57250502A}.Release|Any CPU.ActiveCfg = Release|Any CPU
		{ED29FBE1-35B8-4567-AF3A-E5C57250502A}.Release|Any CPU.Build.0 = Release|Any CPU
	EndGlobalSection
	GlobalSection(SolutionProperties) = preSolution
		HideSolutionNode = FALSE
	EndGlobalSection
	GlobalSection(ExtensibilityGlobals) = postSolution
		SolutionGuid = {32EE9787-6B25-4067-8EEB-64ECF6D390F3}
	EndGlobalSection
EndGlobal
